{
      "name": "@jlrwi/static-types-basic",
      "version": "1.3.0",
      "lockfileVersion": 1,
      "requires": true,
      "dependencies": {
            "@jlrwi/adt_tests": {
                  "version": "file:../adt_tests",
                  "dev": true,
                  "requires": {
                        "@jlrwi/combinators": "file:../combinators",
                        "@jlrwi/esfunctions": "file:../esfunctions"
                  },
                  "dependencies": {
                        "@jlrwi/combinators": {
                              "version": "file:../combinators"
                        },
                        "@jlrwi/esfunctions": {
                              "version": "file:../esfunctions"
                        }
                  }
            },
            "@jlrwi/combinators": {
                  "version": "file:../combinators"
            },
            "@jlrwi/es-static-types": {
                  "version": "file:../esstatictypes",
                  "dev": true,
                  "requires": {
                        "@jlrwi/combinators": "file:../combinators",
                        "@jlrwi/esfunctions": "file:../esfunctions"
                  },
                  "dependencies": {
                        "@jlrwi/adt_tests": {
                              "version": "1.0.0",
                              "requires": {
                                    "@jlrwi/combinators": "file:../combinators",
                                    "@jlrwi/esfunctions": "file:../esfunctions"
                              },
                              "dependencies": {
                                    "@jlrwi/combinators": {
                                          "version": "file:../combinators"
                                    },
                                    "@jlrwi/esfunctions": {
                                          "version": "file:../esfunctions",
                                          "dependencies": {
                                                "@jlrwi/jscheck": {
                                                      "version": "1.0.1",
                                                      "requires": {
                                                            "@jlrwi/fulfill": "file:../fulfill"
                                                      },
                                                      "dependencies": {
                                                            "@jlrwi/fulfill": {
                                                                  "version": "file:../fulfill"
                                                            }
                                                      }
                                                }
                                          }
                                    }
                              }
                        },
                        "@jlrwi/combinators": {
                              "version": "file:../combinators",
                              "dev": true
                        },
                        "@jlrwi/esfunctions": {
                              "version": "file:../esfunctions",
                              "dev": true,
                              "dependencies": {
                                    "@jlrwi/jscheck": {
                                          "version": "1.0.1",
                                          "requires": {
                                                "@jlrwi/fulfill": "file:../fulfill"
                                          },
                                          "dependencies": {}
                                    }
                              }
                        },
                        "@jlrwi/jscheck": {
                              "version": "1.0.1",
                              "requires": {
                                    "@jlrwi/fulfill": "file:../fulfill"
                              },
                              "dependencies": {
                                    "@jlrwi/fulfill": {
                                          "version": "file:../fulfill"
                                    }
                              }
                        },
                        "@jlrwi/package-processor": {
                              "version": "1.0.1",
                              "requires": {
                                    "@jlrwi/argument_parser": "file:../argument_parser",
                                    "@jlrwi/combinators": "file:../combinators",
                                    "@jlrwi/ecomcon": "file:../ecomcon",
                                    "@jlrwi/esfunctions": "file:../esfunctions",
                                    "@jlrwi/fs_requestors": "file:../fs_requestors",
                                    "@jlrwi/parseq": "file:../parseq",
                                    "@jlrwi/requestors": "file:../requestors"
                              },
                              "dependencies": {
                                    "@jlrwi/argument_parser": {
                                          "version": "file:../argument_parser"
                                    },
                                    "@jlrwi/combinators": {
                                          "version": "file:../combinators"
                                    },
                                    "@jlrwi/ecomcon": {
                                          "version": "file:../ecomcon"
                                    },
                                    "@jlrwi/esfunctions": {
                                          "version": "file:../esfunctions",
                                          "dependencies": {
                                                "@jlrwi/jscheck": {
                                                      "version": "1.0.1",
                                                      "requires": {
                                                            "@jlrwi/fulfill": "file:../fulfill"
                                                      },
                                                      "dependencies": {}
                                                }
                                          }
                                    },
                                    "@jlrwi/fs_requestors": {
                                          "version": "file:../fs_requestors"
                                    },
                                    "@jlrwi/parseq": {
                                          "version": "file:../parseq",
                                          "requires": {
                                                "@jlrwi/esfunctions": "file:../esfunctions"
                                          },
                                          "dependencies": {
                                                "@jlrwi/esfunctions": {
                                                      "version": "file:../esfunctions",
                                                      "dependencies": {
                                                            "@jlrwi/jscheck": {
                                                                  "version": "1.0.1",
                                                                  "requires": {
                                                                        "@jlrwi/fulfill": "file:../fulfill"
                                                                  },
                                                                  "dependencies": {}
                                                            }
                                                      }
                                                }
                                          }
                                    },
                                    "@jlrwi/requestors": {
                                          "version": "file:../requestors",
                                          "requires": {
                                                "@jlrwi/combinators": "file:../combinators",
                                                "@jlrwi/esfunctions": "file:../esfunctions",
                                                "@jlrwi/parseq": "file:../parseq",
                                                "@jlrwi/requestor_type": "file:../requestor_type"
                                          },
                                          "dependencies": {
                                                "@jlrwi/combinators": {
                                                      "version": "file:../combinators"
                                                },
                                                "@jlrwi/esfunctions": {
                                                      "version": "file:../esfunctions",
                                                      "dependencies": {
                                                            "@jlrwi/jscheck": {
                                                                  "version": "1.0.1",
                                                                  "requires": {
                                                                        "@jlrwi/fulfill": "file:../fulfill"
                                                                  },
                                                                  "dependencies": {}
                                                            }
                                                      }
                                                },
                                                "@jlrwi/parseq": {
                                                      "version": "file:../parseq",
                                                      "requires": {
                                                            "@jlrwi/esfunctions": "file:../esfunctions"
                                                      },
                                                      "dependencies": {
                                                            "@jlrwi/esfunctions": {
                                                                  "version": "file:../esfunctions",
                                                                  "dependencies": {}
                                                            }
                                                      }
                                                },
                                                "@jlrwi/requestor_type": {
                                                      "version": "file:../requestor_type",
                                                      "requires": {
                                                            "@jlrwi/combinators": "file:../combinators",
                                                            "@jlrwi/esfunctions": "file:../esfunctions"
                                                      },
                                                      "dependencies": {
                                                            "@jlrwi/adt_tests": {
                                                                  "version": "1.0.0",
                                                                  "requires": {
                                                                        "@jlrwi/combinators": "file:../combinators",
                                                                        "@jlrwi/esfunctions": "file:../esfunctions"
                                                                  },
                                                                  "dependencies": {
                                                                        "@jlrwi/combinators": {
                                                                              "version": "file:../combinators"
                                                                        },
                                                                        "@jlrwi/esfunctions": {
                                                                              "version": "file:../esfunctions",
                                                                              "dependencies": {}
                                                                        }
                                                                  }
                                                            },
                                                            "@jlrwi/combinators": {
                                                                  "version": "file:../combinators"
                                                            },
                                                            "@jlrwi/esfunctions": {
                                                                  "version": "file:../esfunctions",
                                                                  "dependencies": {
                                                                        "@jlrwi/jscheck": {
                                                                              "version": "1.0.1",
                                                                              "requires": {
                                                                                    "@jlrwi/fulfill": "file:../fulfill"
                                                                              },
                                                                              "dependencies": {}
                                                                        }
                                                                  }
                                                            },
                                                            "@jlrwi/jscheck": {
                                                                  "version": "1.0.1",
                                                                  "requires": {
                                                                        "@jlrwi/fulfill": "file:../fulfill"
                                                                  },
                                                                  "dependencies": {
                                                                        "@jlrwi/fulfill": {
                                                                              "version": "file:../fulfill"
                                                                        }
                                                                  }
                                                            },
                                                            "@jlrwi/parseq": {
                                                                  "version": "1.2.1",
                                                                  "requires": {
                                                                        "@jlrwi/esfunctions": "file:../esfunctions"
                                                                  },
                                                                  "dependencies": {
                                                                        "@jlrwi/esfunctions": {
                                                                              "version": "file:../esfunctions",
                                                                              "dependencies": {}
                                                                        }
                                                                  }
                                                            }
                                                      }
                                                }
                                          }
                                    }
                              }
                        }
                  }
            },
            "@jlrwi/esfunctions": {
                  "version": "file:../esfunctions",
                  "dependencies": {
                        "@jlrwi/jscheck": {
                              "version": "1.0.1"
                        }
                  }
            },
            "@jlrwi/jscheck": {
                  "version": "file:../jscheck",
                  "dev": true,
                  "requires": {
                        "@jlrwi/fulfill": "file:../fulfill"
                  },
                  "dependencies": {
                        "@jlrwi/fulfill": {
                              "version": "file:../fulfill"
                        }
                  }
            },
            "@jlrwi/package-processor": {
                  "version": "file:../pkg_processor",
                  "dev": true,
                  "requires": {
                        "@jlrwi/argument_parser": "file:../argument_parser",
                        "@jlrwi/combinators": "file:../combinators",
                        "@jlrwi/ecomcon": "file:../ecomcon",
                        "@jlrwi/esfunctions": "file:../esfunctions",
                        "@jlrwi/fs_requestors": "file:../fs_requestors",
                        "@jlrwi/parseq": "file:../parseq",
                        "@jlrwi/requestors": "file:../requestors"
                  },
                  "dependencies": {
                        "@jlrwi/argument_parser": {
                              "version": "file:../argument_parser",
                              "dev": true
                        },
                        "@jlrwi/combinators": {
                              "version": "file:../combinators",
                              "dev": true
                        },
                        "@jlrwi/ecomcon": {
                              "version": "file:../ecomcon",
                              "dev": true
                        },
                        "@jlrwi/esfunctions": {
                              "version": "file:../esfunctions",
                              "dev": true,
                              "dependencies": {
                                    "@jlrwi/jscheck": {
                                          "version": "1.0.1"
                                    }
                              }
                        },
                        "@jlrwi/fs_requestors": {
                              "version": "file:../fs_requestors",
                              "dev": true
                        },
                        "@jlrwi/parseq": {
                              "version": "file:../parseq",
                              "dev": true,
                              "requires": {
                                    "@jlrwi/esfunctions": "file:../esfunctions"
                              },
                              "dependencies": {
                                    "@jlrwi/esfunctions": {
                                          "version": "file:../esfunctions"
                                    }
                              }
                        },
                        "@jlrwi/requestors": {
                              "version": "file:../requestors",
                              "dev": true,
                              "requires": {
                                    "@jlrwi/combinators": "file:../combinators",
                                    "@jlrwi/esfunctions": "file:../esfunctions",
                                    "@jlrwi/parseq": "file:../parseq",
                                    "@jlrwi/requestor_type": "file:../requestor_type"
                              },
                              "dependencies": {
                                    "@jlrwi/combinators": {
                                          "version": "file:../combinators",
                                          "dev": true
                                    },
                                    "@jlrwi/esfunctions": {
                                          "version": "file:../esfunctions",
                                          "dev": true,
                                          "dependencies": {
                                                "@jlrwi/jscheck": {
                                                      "version": "1.0.1"
                                                }
                                          }
                                    },
                                    "@jlrwi/parseq": {
                                          "version": "file:../parseq",
                                          "dev": true,
                                          "requires": {
                                                "@jlrwi/esfunctions": "file:../esfunctions"
                                          },
                                          "dependencies": {
                                                "@jlrwi/esfunctions": {
                                                      "version": "file:../esfunctions"
                                                }
                                          }
                                    },
                                    "@jlrwi/requestor_type": {
                                          "version": "file:../requestor_type",
                                          "dev": true,
                                          "requires": {
                                                "@jlrwi/combinators": "file:../combinators",
                                                "@jlrwi/esfunctions": "file:../esfunctions"
                                          },
                                          "dependencies": {
                                                "@jlrwi/adt_tests": {
                                                      "version": "1.0.0",
                                                      "requires": {
                                                            "@jlrwi/combinators": "file:../combinators",
                                                            "@jlrwi/esfunctions": "file:../esfunctions"
                                                      },
                                                      "dependencies": {
                                                            "@jlrwi/combinators": {
                                                                  "version": "file:../combinators"
                                                            },
                                                            "@jlrwi/esfunctions": {
                                                                  "version": "file:../esfunctions"
                                                            }
                                                      }
                                                },
                                                "@jlrwi/combinators": {
                                                      "version": "file:../combinators",
                                                      "dev": true
                                                },
                                                "@jlrwi/esfunctions": {
                                                      "version": "file:../esfunctions",
                                                      "dev": true,
                                                      "dependencies": {
                                                            "@jlrwi/jscheck": {
                                                                  "version": "1.0.1"
                                                            }
                                                      }
                                                },
                                                "@jlrwi/jscheck": {
                                                      "version": "1.0.1",
                                                      "requires": {
                                                            "@jlrwi/fulfill": "file:../fulfill"
                                                      },
                                                      "dependencies": {
                                                            "@jlrwi/fulfill": {
                                                                  "version": "file:../fulfill"
                                                            }
                                                      }
                                                },
                                                "@jlrwi/parseq": {
                                                      "version": "1.2.1",
                                                      "requires": {
                                                            "@jlrwi/esfunctions": "file:../esfunctions"
                                                      },
                                                      "dependencies": {
                                                            "@jlrwi/esfunctions": {
                                                                  "version": "file:../esfunctions"
                                                            }
                                                      }
                                                }
                                          }
                                    }
                              }
                        }
                  }
            }
      }
}
