{
      "name": "@jlrwi/static-types-basic",
      "version": "1.0.0",
      "lockfileVersion": 1,
      "requires": true,
      "dependencies": {
            "@jlrwi/package-processor": {
                  "version": "1.0.0",
                  "dev": true,
                  "requires": {
                        "@jlrwi/argument_parser": "*",
                        "@jlrwi/combinators": "*",
                        "@jlrwi/ecomcon": "*",
                        "@jlrwi/esfunctions": "*",
                        "@jlrwi/fs_requestors": "*",
                        "@jlrwi/parseq": "*",
                        "@jlrwi/requestors": "*"
                  },
                  "dependencies": {
                        "@jlrwi/argument_parser": {
                              "version": "1.0.0",
                              "dev": true
                        },
                        "@jlrwi/combinators": {
                              "version": "1.0.0",
                              "dev": true
                        },
                        "@jlrwi/ecomcon": {
                              "version": "1.1.1",
                              "dev": true
                        },
                        "@jlrwi/esfunctions": {
                              "version": "1.0.0",
                              "dev": true,
                              "dependencies": {
                                    "@jlrwi/jscheck": {
                                          "dependencies": {
                                                "@jlrwi/fulfill": {}
                                          }
                                    }
                              }
                        },
                        "@jlrwi/fs_requestors": {
                              "version": "1.0.0",
                              "dev": true,
                              "requires": {
                                    "@jlrwi/esfunctions": "*"
                              },
                              "dependencies": {
                                    "@jlrwi/esfunctions": {
                                          "version": "1.0.0",
                                          "dev": true,
                                          "dependencies": {
                                                "@jlrwi/jscheck": {
                                                      "dependencies": {}
                                                }
                                          }
                                    }
                              }
                        },
                        "@jlrwi/parseq": {
                              "version": "1.1.0",
                              "dev": true
                        },
                        "@jlrwi/requestors": {
                              "version": "1.0.0",
                              "dev": true
                        }
                  }
            }
      }
}
