{
      "name": "@jlrwi/static-types-basic",
      "version": "1.3.0",
      "lockfileVersion": 1,
      "requires": true,
      "dependencies": {
            "@jlrwi/adt-tests": {
                  "version": "github:jlrwi/adt-tests#3bcb6111f192bb6725a8d2f21596f6213e00039b",
                  "from": "github:jlrwi/adt-tests",
                  "dev": true,
                  "requires": {
                        "@jlrwi/combinators": "github:jlrwi/combinators",
                        "@jlrwi/esfunctions": "github:jlrwi/esfunctions"
                  }
            },
            "@jlrwi/combinators": {
                  "version": "github:jlrwi/combinators#0d883dd0de85acc1c93a058308d21b1df2a4e7f7",
                  "from": "github:jlrwi/combinators"
            },
            "@jlrwi/es-static-types": {
                  "version": "github:jlrwi/es-static-types#b32df8bade0a2c731bbd7031a92d8d55346bb602",
                  "from": "github:jlrwi/es-static-types",
                  "dev": true,
                  "requires": {
                        "@jlrwi/combinators": "github:jlrwi/combinators",
                        "@jlrwi/esfunctions": "github:jlrwi/esfunctions"
                  }
            },
            "@jlrwi/esfunctions": {
                  "version": "github:jlrwi/esfunctions#34c87ab3b0ab91490f00c3e74f7cefb485100a39",
                  "from": "github:jlrwi/esfunctions"
            },
            "@jlrwi/fulfill": {
                  "version": "github:jlrwi/fulfill#3e19f118c9ff30639960e2bdeef577e0f2fcd8be",
                  "from": "github:jlrwi/fulfill"
            },
            "@jlrwi/jscheck": {
                  "version": "github:jlrwi/jscheck#e8ca03716e6388f8ac6efb16797bcf1b91703b7f",
                  "from": "github:jlrwi/jscheck",
                  "requires": {
                        "@jlrwi/fulfill": "github:jlrwi/fulfill"
                  }
            },
            "@jlrwi/package-processor": {
                  "version": "file:../pkg_processor",
                  "requires": {
                        "@jlrwi/argument_parser": "file:../argument_parser",
                        "@jlrwi/combinators": "file:../combinators",
                        "@jlrwi/curried-parseq": "file:../curried_parseq",
                        "@jlrwi/ecomcon": "file:../ecomcon",
                        "@jlrwi/esfunctions": "file:../esfunctions",
                        "@jlrwi/fs-requestors": "file:../fs_requestors",
                        "@jlrwi/requestors": "file:../requestors"
                  },
                  "dependencies": {
                        "@jlrwi/argument_parser": {
                              "version": "file:../argument_parser"
                        },
                        "@jlrwi/combinators": {
                              "version": "file:../combinators"
                        },
                        "@jlrwi/curried-parseq": {
                              "version": "file:../curried_parseq"
                        },
                        "@jlrwi/ecomcon": {
                              "version": "file:../ecomcon"
                        },
                        "@jlrwi/esfunctions": {
                              "version": "file:../esfunctions",
                              "dependencies": {
                                    "@jlrwi/fulfill": {
                                          "version": "github:jlrwi/fulfill#3e19f118c9ff30639960e2bdeef577e0f2fcd8be",
                                          "from": "github:jlrwi/fulfill"
                                    },
                                    "@jlrwi/jscheck": {
                                          "version": "github:jlrwi/jscheck#e8ca03716e6388f8ac6efb16797bcf1b91703b7f",
                                          "from": "github:jlrwi/jscheck",
                                          "requires": {
                                                "@jlrwi/fulfill": "github:jlrwi/fulfill"
                                          }
                                    }
                              }
                        },
                        "@jlrwi/fs-requestors": {
                              "version": "file:../fs_requestors"
                        },
                        "@jlrwi/requestors": {
                              "version": "file:../requestors",
                              "requires": {
                                    "@jlrwi/combinators": "github:jlrwi/combinators",
                                    "@jlrwi/curried-parseq": "github:jlrwi/curried-parseq",
                                    "@jlrwi/esfunctions": "github:jlrwi/esfunctions",
                                    "@jlrwi/functional-timers": "github:jlrwi/functional-timers"
                              },
                              "dependencies": {
                                    "@jlrwi/combinators": {
                                          "version": "github:jlrwi/combinators#0d883dd0de85acc1c93a058308d21b1df2a4e7f7",
                                          "from": "github:jlrwi/combinators"
                                    },
                                    "@jlrwi/curried-parseq": {
                                          "version": "github:jlrwi/curried-parseq#4cc8c056e91a82e2b54a1eeb4f43b048ec204253",
                                          "from": "github:jlrwi/curried-parseq"
                                    },
                                    "@jlrwi/esfunctions": {
                                          "version": "github:jlrwi/esfunctions#34c87ab3b0ab91490f00c3e74f7cefb485100a39",
                                          "from": "github:jlrwi/esfunctions"
                                    },
                                    "@jlrwi/functional-timers": {
                                          "version": "github:jlrwi/functional-timers#fac5d9fafdb7fa623f81b6f3a864115c995cf5dd",
                                          "from": "github:jlrwi/functional-timers"
                                    }
                              }
                        }
                  }
            }
      }
}
